// !$*UTF8*$!
{
	archiveVersion = 1;
	classes = {
	};
	objectVersion = 56;
	objects = {

/* Begin PBXBuildFile section */
		640FB9DC2B54F39B0002C5D1 /* GroupInfoView.swift in Sources */ = {isa = PBXBuildFile; fileRef = 640FB9DB2B54F39B0002C5D1 /* GroupInfoView.swift */; };
		641296772B4D577800AF1C04 /* ComeInUIView.swift in Sources */ = {isa = PBXBuildFile; fileRef = 641296762B4D577800AF1C04 /* ComeInUIView.swift */; };
		64209F8A2B519CAC0077228D /* PeoplePointUIView.swift in Sources */ = {isa = PBXBuildFile; fileRef = 64209F892B519CAC0077228D /* PeoplePointUIView.swift */; };
		64229A2A2B51BFDF005AC666 /* GroupModel.swift in Sources */ = {isa = PBXBuildFile; fileRef = 64229A292B51BFDF005AC666 /* GroupModel.swift */; };
		642C634E2B4850D300DA5A43 /* SectionCardView.swift in Sources */ = {isa = PBXBuildFile; fileRef = 642C634D2B4850D300DA5A43 /* SectionCardView.swift */; };
		642E5FD72B4EDA1B004857A1 /* UserManager.swift in Sources */ = {isa = PBXBuildFile; fileRef = 642E5FD62B4EDA1B004857A1 /* UserManager.swift */; };
		643147552B502A7900D833E4 /* RegisterUserViewModel.swift in Sources */ = {isa = PBXBuildFile; fileRef = 643147542B502A7900D833E4 /* RegisterUserViewModel.swift */; };
		643147572B502CC700D833E4 /* PrimaryButtonStyle.swift in Sources */ = {isa = PBXBuildFile; fileRef = 643147562B502CC700D833E4 /* PrimaryButtonStyle.swift */; };
		643D8D6F2B4E2BF5003CE874 /* AuthUIView.swift in Sources */ = {isa = PBXBuildFile; fileRef = 643D8D6E2B4E2BF5003CE874 /* AuthUIView.swift */; };
		643D8D712B4E2D9F003CE874 /* RegisterUIView.swift in Sources */ = {isa = PBXBuildFile; fileRef = 643D8D702B4E2D9F003CE874 /* RegisterUIView.swift */; };
		643D8D732B4E315C003CE874 /* ButtonAllView.swift in Sources */ = {isa = PBXBuildFile; fileRef = 643D8D722B4E315C003CE874 /* ButtonAllView.swift */; };
		6473F8AF2B51393100142AE1 /* Group.swift in Sources */ = {isa = PBXBuildFile; fileRef = 6473F8AE2B51393100142AE1 /* Group.swift */; };
		64815F5D2B4BE67800CD7071 /* API.swift in Sources */ = {isa = PBXBuildFile; fileRef = 64815F5C2B4BE67800CD7071 /* API.swift */; };
		64815F5F2B4BE68E00CD7071 /* Network.swift in Sources */ = {isa = PBXBuildFile; fileRef = 64815F5E2B4BE68E00CD7071 /* Network.swift */; };
		64886D002B4E759B00DCE57A /* AuthAdnRegis.swift in Sources */ = {isa = PBXBuildFile; fileRef = 64886CFF2B4E759B00DCE57A /* AuthAdnRegis.swift */; };
		64AEEEB62B51CC9000C867A4 /* GroupViewModel.swift in Sources */ = {isa = PBXBuildFile; fileRef = 64AEEEB52B51CC9000C867A4 /* GroupViewModel.swift */; };
		64B434D72B51ECD3008914E6 /* GroupDetailsUIView.swift in Sources */ = {isa = PBXBuildFile; fileRef = 64B434D62B51ECD3008914E6 /* GroupDetailsUIView.swift */; };
		64B434D92B522714008914E6 /* AppState.swift in Sources */ = {isa = PBXBuildFile; fileRef = 64B434D82B522714008914E6 /* AppState.swift */; };
		64B5895D2B4E93D2008C17AD /* ProfileUIView.swift in Sources */ = {isa = PBXBuildFile; fileRef = 64B5895C2B4E93D2008C17AD /* ProfileUIView.swift */; };
		64B5895F2B4E96DF008C17AD /* CartForProfileView.swift in Sources */ = {isa = PBXBuildFile; fileRef = 64B5895E2B4E96DF008C17AD /* CartForProfileView.swift */; };
		64B589622B4E9B3E008C17AD /* Alamofire in Frameworks */ = {isa = PBXBuildFile; productRef = 64B589612B4E9B3E008C17AD /* Alamofire */; };
		64C8F0F82B564D1D006FE647 /* GroupResponce.swift in Sources */ = {isa = PBXBuildFile; fileRef = 64C8F0F72B564D1D006FE647 /* GroupResponce.swift */; };
		64C8F1062B56FFA0006FE647 /* Lottie in Frameworks */ = {isa = PBXBuildFile; productRef = 64C8F1052B56FFA0006FE647 /* Lottie */; };
		64F597EE2B4D093B004DAE45 /* CreateGroupUIView.swift in Sources */ = {isa = PBXBuildFile; fileRef = 64F597ED2B4D093B004DAE45 /* CreateGroupUIView.swift */; };
		64F82C932B47BC5800E55FAF /* connectApp.swift in Sources */ = {isa = PBXBuildFile; fileRef = 64F82C922B47BC5800E55FAF /* connectApp.swift */; };
		64F82C952B47BC5800E55FAF /* ContentView.swift in Sources */ = {isa = PBXBuildFile; fileRef = 64F82C942B47BC5800E55FAF /* ContentView.swift */; };
		64F82C972B47BC5900E55FAF /* Assets.xcassets in Resources */ = {isa = PBXBuildFile; fileRef = 64F82C962B47BC5900E55FAF /* Assets.xcassets */; };
		64F82C9A2B47BC5900E55FAF /* Preview Assets.xcassets in Resources */ = {isa = PBXBuildFile; fileRef = 64F82C992B47BC5900E55FAF /* Preview Assets.xcassets */; };
		64F82CA42B47BC5900E55FAF /* connectTests.swift in Sources */ = {isa = PBXBuildFile; fileRef = 64F82CA32B47BC5900E55FAF /* connectTests.swift */; };
		64F82CAE2B47BC5900E55FAF /* connectUITests.swift in Sources */ = {isa = PBXBuildFile; fileRef = 64F82CAD2B47BC5900E55FAF /* connectUITests.swift */; };
		64F82CB02B47BC5900E55FAF /* connectUITestsLaunchTests.swift in Sources */ = {isa = PBXBuildFile; fileRef = 64F82CAF2B47BC5900E55FAF /* connectUITestsLaunchTests.swift */; };
		64F82CC42B47BF9500E55FAF /* HelloUIView.swift in Sources */ = {isa = PBXBuildFile; fileRef = 64F82CC32B47BF9500E55FAF /* HelloUIView.swift */; };
		64F82CC62B47C4C800E55FAF /* SectionUIView.swift in Sources */ = {isa = PBXBuildFile; fileRef = 64F82CC52B47C4C800E55FAF /* SectionUIView.swift */; };
		64F82CC82B484BE000E55FAF /* SectionModel.swift in Sources */ = {isa = PBXBuildFile; fileRef = 64F82CC72B484BE000E55FAF /* SectionModel.swift */; };
/* End PBXBuildFile section */

/* Begin PBXContainerItemProxy section */
		64F82CA02B47BC5900E55FAF /* PBXContainerItemProxy */ = {
			isa = PBXContainerItemProxy;
			containerPortal = 64F82C872B47BC5800E55FAF /* Project object */;
			proxyType = 1;
			remoteGlobalIDString = 64F82C8E2B47BC5800E55FAF;
			remoteInfo = connect;
		};
		64F82CAA2B47BC5900E55FAF /* PBXContainerItemProxy */ = {
			isa = PBXContainerItemProxy;
			containerPortal = 64F82C872B47BC5800E55FAF /* Project object */;
			proxyType = 1;
			remoteGlobalIDString = 64F82C8E2B47BC5800E55FAF;
			remoteInfo = connect;
		};
/* End PBXContainerItemProxy section */

/* Begin PBXFileReference section */
		640FB9DB2B54F39B0002C5D1 /* GroupInfoView.swift */ = {isa = PBXFileReference; lastKnownFileType = sourcecode.swift; path = GroupInfoView.swift; sourceTree = "<group>"; };
		641296762B4D577800AF1C04 /* ComeInUIView.swift */ = {isa = PBXFileReference; lastKnownFileType = sourcecode.swift; path = ComeInUIView.swift; sourceTree = "<group>"; };
		64209F892B519CAC0077228D /* PeoplePointUIView.swift */ = {isa = PBXFileReference; lastKnownFileType = sourcecode.swift; path = PeoplePointUIView.swift; sourceTree = "<group>"; };
		64229A292B51BFDF005AC666 /* GroupModel.swift */ = {isa = PBXFileReference; lastKnownFileType = sourcecode.swift; path = GroupModel.swift; sourceTree = "<group>"; };
		642C634D2B4850D300DA5A43 /* SectionCardView.swift */ = {isa = PBXFileReference; lastKnownFileType = sourcecode.swift; path = SectionCardView.swift; sourceTree = "<group>"; };
		642E5FD62B4EDA1B004857A1 /* UserManager.swift */ = {isa = PBXFileReference; lastKnownFileType = sourcecode.swift; path = UserManager.swift; sourceTree = "<group>"; };
		642E5FE02B4F1042004857A1 /* Info.plist */ = {isa = PBXFileReference; lastKnownFileType = text.plist.xml; path = Info.plist; sourceTree = "<group>"; };
		643147542B502A7900D833E4 /* RegisterUserViewModel.swift */ = {isa = PBXFileReference; lastKnownFileType = sourcecode.swift; path = RegisterUserViewModel.swift; sourceTree = "<group>"; };
		643147562B502CC700D833E4 /* PrimaryButtonStyle.swift */ = {isa = PBXFileReference; lastKnownFileType = sourcecode.swift; path = PrimaryButtonStyle.swift; sourceTree = "<group>"; };
		643D8D6E2B4E2BF5003CE874 /* AuthUIView.swift */ = {isa = PBXFileReference; lastKnownFileType = sourcecode.swift; path = AuthUIView.swift; sourceTree = "<group>"; };
		643D8D702B4E2D9F003CE874 /* RegisterUIView.swift */ = {isa = PBXFileReference; lastKnownFileType = sourcecode.swift; path = RegisterUIView.swift; sourceTree = "<group>"; };
		643D8D722B4E315C003CE874 /* ButtonAllView.swift */ = {isa = PBXFileReference; lastKnownFileType = sourcecode.swift; path = ButtonAllView.swift; sourceTree = "<group>"; };
		6473F8AE2B51393100142AE1 /* Group.swift */ = {isa = PBXFileReference; lastKnownFileType = sourcecode.swift; path = Group.swift; sourceTree = "<group>"; };
		64815F5C2B4BE67800CD7071 /* API.swift */ = {isa = PBXFileReference; lastKnownFileType = sourcecode.swift; path = API.swift; sourceTree = "<group>"; };
		64815F5E2B4BE68E00CD7071 /* Network.swift */ = {isa = PBXFileReference; lastKnownFileType = sourcecode.swift; path = Network.swift; sourceTree = "<group>"; };
		64886CFF2B4E759B00DCE57A /* AuthAdnRegis.swift */ = {isa = PBXFileReference; lastKnownFileType = sourcecode.swift; path = AuthAdnRegis.swift; sourceTree = "<group>"; };
		64AEEEB52B51CC9000C867A4 /* GroupViewModel.swift */ = {isa = PBXFileReference; lastKnownFileType = sourcecode.swift; path = GroupViewModel.swift; sourceTree = "<group>"; };
		64B434D62B51ECD3008914E6 /* GroupDetailsUIView.swift */ = {isa = PBXFileReference; lastKnownFileType = sourcecode.swift; path = GroupDetailsUIView.swift; sourceTree = "<group>"; };
		64B434D82B522714008914E6 /* AppState.swift */ = {isa = PBXFileReference; lastKnownFileType = sourcecode.swift; path = AppState.swift; sourceTree = "<group>"; };
		64B5895C2B4E93D2008C17AD /* ProfileUIView.swift */ = {isa = PBXFileReference; lastKnownFileType = sourcecode.swift; path = ProfileUIView.swift; sourceTree = "<group>"; };
		64B5895E2B4E96DF008C17AD /* CartForProfileView.swift */ = {isa = PBXFileReference; lastKnownFileType = sourcecode.swift; path = CartForProfileView.swift; sourceTree = "<group>"; };
		64C8F0F72B564D1D006FE647 /* GroupResponce.swift */ = {isa = PBXFileReference; lastKnownFileType = sourcecode.swift; path = GroupResponce.swift; sourceTree = "<group>"; };
		64F597ED2B4D093B004DAE45 /* CreateGroupUIView.swift */ = {isa = PBXFileReference; lastKnownFileType = sourcecode.swift; path = CreateGroupUIView.swift; sourceTree = "<group>"; };
		64F82C8F2B47BC5800E55FAF /* connect.app */ = {isa = PBXFileReference; explicitFileType = wrapper.application; includeInIndex = 0; path = connect.app; sourceTree = BUILT_PRODUCTS_DIR; };
		64F82C922B47BC5800E55FAF /* connectApp.swift */ = {isa = PBXFileReference; lastKnownFileType = sourcecode.swift; path = connectApp.swift; sourceTree = "<group>"; };
		64F82C942B47BC5800E55FAF /* ContentView.swift */ = {isa = PBXFileReference; lastKnownFileType = sourcecode.swift; path = ContentView.swift; sourceTree = "<group>"; };
		64F82C962B47BC5900E55FAF /* Assets.xcassets */ = {isa = PBXFileReference; lastKnownFileType = folder.assetcatalog; path = Assets.xcassets; sourceTree = "<group>"; };
		64F82C992B47BC5900E55FAF /* Preview Assets.xcassets */ = {isa = PBXFileReference; lastKnownFileType = folder.assetcatalog; path = "Preview Assets.xcassets"; sourceTree = "<group>"; };
		64F82C9F2B47BC5900E55FAF /* connectTests.xctest */ = {isa = PBXFileReference; explicitFileType = wrapper.cfbundle; includeInIndex = 0; path = connectTests.xctest; sourceTree = BUILT_PRODUCTS_DIR; };
		64F82CA32B47BC5900E55FAF /* connectTests.swift */ = {isa = PBXFileReference; lastKnownFileType = sourcecode.swift; path = connectTests.swift; sourceTree = "<group>"; };
		64F82CA92B47BC5900E55FAF /* connectUITests.xctest */ = {isa = PBXFileReference; explicitFileType = wrapper.cfbundle; includeInIndex = 0; path = connectUITests.xctest; sourceTree = BUILT_PRODUCTS_DIR; };
		64F82CAD2B47BC5900E55FAF /* connectUITests.swift */ = {isa = PBXFileReference; lastKnownFileType = sourcecode.swift; path = connectUITests.swift; sourceTree = "<group>"; };
		64F82CAF2B47BC5900E55FAF /* connectUITestsLaunchTests.swift */ = {isa = PBXFileReference; lastKnownFileType = sourcecode.swift; path = connectUITestsLaunchTests.swift; sourceTree = "<group>"; };
		64F82CC32B47BF9500E55FAF /* HelloUIView.swift */ = {isa = PBXFileReference; lastKnownFileType = sourcecode.swift; path = HelloUIView.swift; sourceTree = "<group>"; };
		64F82CC52B47C4C800E55FAF /* SectionUIView.swift */ = {isa = PBXFileReference; lastKnownFileType = sourcecode.swift; path = SectionUIView.swift; sourceTree = "<group>"; };
		64F82CC72B484BE000E55FAF /* SectionModel.swift */ = {isa = PBXFileReference; lastKnownFileType = sourcecode.swift; path = SectionModel.swift; sourceTree = "<group>"; };
/* End PBXFileReference section */

/* Begin PBXFrameworksBuildPhase section */
		64F82C8C2B47BC5800E55FAF /* Frameworks */ = {
			isa = PBXFrameworksBuildPhase;
			buildActionMask = 2147483647;
			files = (
				64B589622B4E9B3E008C17AD /* Alamofire in Frameworks */,
				64C8F1062B56FFA0006FE647 /* Lottie in Frameworks */,
			);
			runOnlyForDeploymentPostprocessing = 0;
		};
		64F82C9C2B47BC5900E55FAF /* Frameworks */ = {
			isa = PBXFrameworksBuildPhase;
			buildActionMask = 2147483647;
			files = (
			);
			runOnlyForDeploymentPostprocessing = 0;
		};
		64F82CA62B47BC5900E55FAF /* Frameworks */ = {
			isa = PBXFrameworksBuildPhase;
			buildActionMask = 2147483647;
			files = (
			);
			runOnlyForDeploymentPostprocessing = 0;
		};
/* End PBXFrameworksBuildPhase section */

/* Begin PBXGroup section */
		642C634C2B4850BA00DA5A43 /* Components */ = {
			isa = PBXGroup;
			children = (
				642C634D2B4850D300DA5A43 /* SectionCardView.swift */,
				643D8D722B4E315C003CE874 /* ButtonAllView.swift */,
				64B5895E2B4E96DF008C17AD /* CartForProfileView.swift */,
				643147562B502CC700D833E4 /* PrimaryButtonStyle.swift */,
				640FB9DB2B54F39B0002C5D1 /* GroupInfoView.swift */,
			);
			path = Components;
			sourceTree = "<group>";
		};
		64815F5B2B4BE66300CD7071 /* Service */ = {
			isa = PBXGroup;
			children = (
				64815F5C2B4BE67800CD7071 /* API.swift */,
				64815F5E2B4BE68E00CD7071 /* Network.swift */,
				64886CFF2B4E759B00DCE57A /* AuthAdnRegis.swift */,
				6473F8AE2B51393100142AE1 /* Group.swift */,
			);
			path = Service;
			sourceTree = "<group>";
		};
		64F82C862B47BC5800E55FAF = {
			isa = PBXGroup;
			children = (
				64F82C912B47BC5800E55FAF /* connect */,
				64F82CA22B47BC5900E55FAF /* connectTests */,
				64F82CAC2B47BC5900E55FAF /* connectUITests */,
				64F82C902B47BC5800E55FAF /* Products */,
			);
			sourceTree = "<group>";
		};
		64F82C902B47BC5800E55FAF /* Products */ = {
			isa = PBXGroup;
			children = (
				64F82C8F2B47BC5800E55FAF /* connect.app */,
				64F82C9F2B47BC5900E55FAF /* connectTests.xctest */,
				64F82CA92B47BC5900E55FAF /* connectUITests.xctest */,
			);
			name = Products;
			sourceTree = "<group>";
		};
		64F82C912B47BC5800E55FAF /* connect */ = {
			isa = PBXGroup;
			children = (
				642E5FE02B4F1042004857A1 /* Info.plist */,
				64815F5B2B4BE66300CD7071 /* Service */,
				64F82CC02B47BE8700E55FAF /* ViewModel */,
				64F82CBF2B47BE7F00E55FAF /* Models */,
				64F82CBE2B47BE7800E55FAF /* View */,
				64F82CBC2B47BE1900E55FAF /* App */,
				64F82C962B47BC5900E55FAF /* Assets.xcassets */,
				64F82C982B47BC5900E55FAF /* Preview Content */,
			);
			path = connect;
			sourceTree = "<group>";
		};
		64F82C982B47BC5900E55FAF /* Preview Content */ = {
			isa = PBXGroup;
			children = (
				64F82C992B47BC5900E55FAF /* Preview Assets.xcassets */,
			);
			path = "Preview Content";
			sourceTree = "<group>";
		};
		64F82CA22B47BC5900E55FAF /* connectTests */ = {
			isa = PBXGroup;
			children = (
				64F82CA32B47BC5900E55FAF /* connectTests.swift */,
			);
			path = connectTests;
			sourceTree = "<group>";
		};
		64F82CAC2B47BC5900E55FAF /* connectUITests */ = {
			isa = PBXGroup;
			children = (
				64F82CAD2B47BC5900E55FAF /* connectUITests.swift */,
				64F82CAF2B47BC5900E55FAF /* connectUITestsLaunchTests.swift */,
			);
			path = connectUITests;
			sourceTree = "<group>";
		};
		64F82CBC2B47BE1900E55FAF /* App */ = {
			isa = PBXGroup;
			children = (
				64F82C942B47BC5800E55FAF /* ContentView.swift */,
				64F82C922B47BC5800E55FAF /* connectApp.swift */,
			);
			path = App;
			sourceTree = "<group>";
		};
		64F82CBE2B47BE7800E55FAF /* View */ = {
			isa = PBXGroup;
			children = (
				642C634C2B4850BA00DA5A43 /* Components */,
				64F82CC32B47BF9500E55FAF /* HelloUIView.swift */,
				64F82CC52B47C4C800E55FAF /* SectionUIView.swift */,
				64F597ED2B4D093B004DAE45 /* CreateGroupUIView.swift */,
				641296762B4D577800AF1C04 /* ComeInUIView.swift */,
				643D8D6E2B4E2BF5003CE874 /* AuthUIView.swift */,
				643D8D702B4E2D9F003CE874 /* RegisterUIView.swift */,
				64B5895C2B4E93D2008C17AD /* ProfileUIView.swift */,
				64209F892B519CAC0077228D /* PeoplePointUIView.swift */,
				64B434D62B51ECD3008914E6 /* GroupDetailsUIView.swift */,
			);
			path = View;
			sourceTree = "<group>";
		};
		64F82CBF2B47BE7F00E55FAF /* Models */ = {
			isa = PBXGroup;
			children = (
				64F82CC72B484BE000E55FAF /* SectionModel.swift */,
				642E5FD62B4EDA1B004857A1 /* UserManager.swift */,
				64229A292B51BFDF005AC666 /* GroupModel.swift */,
				64B434D82B522714008914E6 /* AppState.swift */,
				64C8F0F72B564D1D006FE647 /* GroupResponce.swift */,
			);
			path = Models;
			sourceTree = "<group>";
		};
		64F82CC02B47BE8700E55FAF /* ViewModel */ = {
			isa = PBXGroup;
			children = (
				643147542B502A7900D833E4 /* RegisterUserViewModel.swift */,
				64AEEEB52B51CC9000C867A4 /* GroupViewModel.swift */,
			);
			path = ViewModel;
			sourceTree = "<group>";
		};
/* End PBXGroup section */

/* Begin PBXNativeTarget section */
		64F82C8E2B47BC5800E55FAF /* connect */ = {
			isa = PBXNativeTarget;
			buildConfigurationList = 64F82CB32B47BC5900E55FAF /* Build configuration list for PBXNativeTarget "connect" */;
			buildPhases = (
				64F82C8B2B47BC5800E55FAF /* Sources */,
				64F82C8C2B47BC5800E55FAF /* Frameworks */,
				64F82C8D2B47BC5800E55FAF /* Resources */,
			);
			buildRules = (
			);
			dependencies = (
			);
			name = connect;
			packageProductDependencies = (
				64B589612B4E9B3E008C17AD /* Alamofire */,
				64C8F1052B56FFA0006FE647 /* Lottie */,
			);
			productName = connect;
			productReference = 64F82C8F2B47BC5800E55FAF /* connect.app */;
			productType = "com.apple.product-type.application";
		};
		64F82C9E2B47BC5900E55FAF /* connectTests */ = {
			isa = PBXNativeTarget;
			buildConfigurationList = 64F82CB62B47BC5900E55FAF /* Build configuration list for PBXNativeTarget "connectTests" */;
			buildPhases = (
				64F82C9B2B47BC5900E55FAF /* Sources */,
				64F82C9C2B47BC5900E55FAF /* Frameworks */,
				64F82C9D2B47BC5900E55FAF /* Resources */,
			);
			buildRules = (
			);
			dependencies = (
				64F82CA12B47BC5900E55FAF /* PBXTargetDependency */,
			);
			name = connectTests;
			productName = connectTests;
			productReference = 64F82C9F2B47BC5900E55FAF /* connectTests.xctest */;
			productType = "com.apple.product-type.bundle.unit-test";
		};
		64F82CA82B47BC5900E55FAF /* connectUITests */ = {
			isa = PBXNativeTarget;
			buildConfigurationList = 64F82CB92B47BC5900E55FAF /* Build configuration list for PBXNativeTarget "connectUITests" */;
			buildPhases = (
				64F82CA52B47BC5900E55FAF /* Sources */,
				64F82CA62B47BC5900E55FAF /* Frameworks */,
				64F82CA72B47BC5900E55FAF /* Resources */,
			);
			buildRules = (
			);
			dependencies = (
				64F82CAB2B47BC5900E55FAF /* PBXTargetDependency */,
			);
			name = connectUITests;
			productName = connectUITests;
			productReference = 64F82CA92B47BC5900E55FAF /* connectUITests.xctest */;
			productType = "com.apple.product-type.bundle.ui-testing";
		};
/* End PBXNativeTarget section */

/* Begin PBXProject section */
		64F82C872B47BC5800E55FAF /* Project object */ = {
			isa = PBXProject;
			attributes = {
				BuildIndependentTargetsInParallel = 1;
				LastSwiftUpdateCheck = 1510;
				LastUpgradeCheck = 1510;
				TargetAttributes = {
					64F82C8E2B47BC5800E55FAF = {
						CreatedOnToolsVersion = 15.1;
					};
					64F82C9E2B47BC5900E55FAF = {
						CreatedOnToolsVersion = 15.1;
						TestTargetID = 64F82C8E2B47BC5800E55FAF;
					};
					64F82CA82B47BC5900E55FAF = {
						CreatedOnToolsVersion = 15.1;
						TestTargetID = 64F82C8E2B47BC5800E55FAF;
					};
				};
			};
			buildConfigurationList = 64F82C8A2B47BC5800E55FAF /* Build configuration list for PBXProject "connect" */;
			compatibilityVersion = "Xcode 14.0";
			developmentRegion = en;
			hasScannedForEncodings = 0;
			knownRegions = (
				en,
				Base,
			);
			mainGroup = 64F82C862B47BC5800E55FAF;
			packageReferences = (
				64B589602B4E9B3E008C17AD /* XCRemoteSwiftPackageReference "Alamofire" */,
				64C8F1042B56FFA0006FE647 /* XCRemoteSwiftPackageReference "lottie-ios" */,
			);
			productRefGroup = 64F82C902B47BC5800E55FAF /* Products */;
			projectDirPath = "";
			projectRoot = "";
			targets = (
				64F82C8E2B47BC5800E55FAF /* connect */,
				64F82C9E2B47BC5900E55FAF /* connectTests */,
				64F82CA82B47BC5900E55FAF /* connectUITests */,
			);
		};
/* End PBXProject section */

/* Begin PBXResourcesBuildPhase section */
		64F82C8D2B47BC5800E55FAF /* Resources */ = {
			isa = PBXResourcesBuildPhase;
			buildActionMask = 2147483647;
			files = (
				64F82C9A2B47BC5900E55FAF /* Preview Assets.xcassets in Resources */,
				64F82C972B47BC5900E55FAF /* Assets.xcassets in Resources */,
			);
			runOnlyForDeploymentPostprocessing = 0;
		};
		64F82C9D2B47BC5900E55FAF /* Resources */ = {
			isa = PBXResourcesBuildPhase;
			buildActionMask = 2147483647;
			files = (
			);
			runOnlyForDeploymentPostprocessing = 0;
		};
		64F82CA72B47BC5900E55FAF /* Resources */ = {
			isa = PBXResourcesBuildPhase;
			buildActionMask = 2147483647;
			files = (
			);
			runOnlyForDeploymentPostprocessing = 0;
		};
/* End PBXResourcesBuildPhase section */

/* Begin PBXSourcesBuildPhase section */
		64F82C8B2B47BC5800E55FAF /* Sources */ = {
			isa = PBXSourcesBuildPhase;
			buildActionMask = 2147483647;
			files = (
				64B5895F2B4E96DF008C17AD /* CartForProfileView.swift in Sources */,
				64F82CC62B47C4C800E55FAF /* SectionUIView.swift in Sources */,
				64209F8A2B519CAC0077228D /* PeoplePointUIView.swift in Sources */,
				64F82C952B47BC5800E55FAF /* ContentView.swift in Sources */,
				6473F8AF2B51393100142AE1 /* Group.swift in Sources */,
				64F597EE2B4D093B004DAE45 /* CreateGroupUIView.swift in Sources */,
				643147552B502A7900D833E4 /* RegisterUserViewModel.swift in Sources */,
				64B5895D2B4E93D2008C17AD /* ProfileUIView.swift in Sources */,
				64815F5F2B4BE68E00CD7071 /* Network.swift in Sources */,
				643D8D6F2B4E2BF5003CE874 /* AuthUIView.swift in Sources */,
				643D8D732B4E315C003CE874 /* ButtonAllView.swift in Sources */,
				64AEEEB62B51CC9000C867A4 /* GroupViewModel.swift in Sources */,
				64229A2A2B51BFDF005AC666 /* GroupModel.swift in Sources */,
				642C634E2B4850D300DA5A43 /* SectionCardView.swift in Sources */,
				64F82CC42B47BF9500E55FAF /* HelloUIView.swift in Sources */,
				64B434D72B51ECD3008914E6 /* GroupDetailsUIView.swift in Sources */,
				64B434D92B522714008914E6 /* AppState.swift in Sources */,
				64F82CC82B484BE000E55FAF /* SectionModel.swift in Sources */,
				640FB9DC2B54F39B0002C5D1 /* GroupInfoView.swift in Sources */,
				641296772B4D577800AF1C04 /* ComeInUIView.swift in Sources */,
				643D8D712B4E2D9F003CE874 /* RegisterUIView.swift in Sources */,
				64F82C932B47BC5800E55FAF /* connectApp.swift in Sources */,
				64886D002B4E759B00DCE57A /* AuthAdnRegis.swift in Sources */,
				64C8F0F82B564D1D006FE647 /* GroupResponce.swift in Sources */,
				643147572B502CC700D833E4 /* PrimaryButtonStyle.swift in Sources */,
				64815F5D2B4BE67800CD7071 /* API.swift in Sources */,
				642E5FD72B4EDA1B004857A1 /* UserManager.swift in Sources */,
			);
			runOnlyForDeploymentPostprocessing = 0;
		};
		64F82C9B2B47BC5900E55FAF /* Sources */ = {
			isa = PBXSourcesBuildPhase;
			buildActionMask = 2147483647;
			files = (
				64F82CA42B47BC5900E55FAF /* connectTests.swift in Sources */,
			);
			runOnlyForDeploymentPostprocessing = 0;
		};
		64F82CA52B47BC5900E55FAF /* Sources */ = {
			isa = PBXSourcesBuildPhase;
			buildActionMask = 2147483647;
			files = (
				64F82CAE2B47BC5900E55FAF /* connectUITests.swift in Sources */,
				64F82CB02B47BC5900E55FAF /* connectUITestsLaunchTests.swift in Sources */,
			);
			runOnlyForDeploymentPostprocessing = 0;
		};
/* End PBXSourcesBuildPhase section */

/* Begin PBXTargetDependency section */
		64F82CA12B47BC5900E55FAF /* PBXTargetDependency */ = {
			isa = PBXTargetDependency;
			target = 64F82C8E2B47BC5800E55FAF /* connect */;
			targetProxy = 64F82CA02B47BC5900E55FAF /* PBXContainerItemProxy */;
		};
		64F82CAB2B47BC5900E55FAF /* PBXTargetDependency */ = {
			isa = PBXTargetDependency;
			target = 64F82C8E2B47BC5800E55FAF /* connect */;
			targetProxy = 64F82CAA2B47BC5900E55FAF /* PBXContainerItemProxy */;
		};
/* End PBXTargetDependency section */

/* Begin XCBuildConfiguration section */
		64F82CB12B47BC5900E55FAF /* Debug */ = {
			isa = XCBuildConfiguration;
			buildSettings = {
				ALWAYS_SEARCH_USER_PATHS = NO;
				ASSETCATALOG_COMPILER_GENERATE_SWIFT_ASSET_SYMBOL_EXTENSIONS = YES;
				CLANG_ANALYZER_NONNULL = YES;
				CLANG_ANALYZER_NUMBER_OBJECT_CONVERSION = YES_AGGRESSIVE;
				CLANG_CXX_LANGUAGE_STANDARD = "gnu++20";
				CLANG_ENABLE_MODULES = YES;
				CLANG_ENABLE_OBJC_ARC = YES;
				CLANG_ENABLE_OBJC_WEAK = YES;
				CLANG_WARN_BLOCK_CAPTURE_AUTORELEASING = YES;
				CLANG_WARN_BOOL_CONVERSION = YES;
				CLANG_WARN_COMMA = YES;
				CLANG_WARN_CONSTANT_CONVERSION = YES;
				CLANG_WARN_DEPRECATED_OBJC_IMPLEMENTATIONS = YES;
				CLANG_WARN_DIRECT_OBJC_ISA_USAGE = YES_ERROR;
				CLANG_WARN_DOCUMENTATION_COMMENTS = YES;
				CLANG_WARN_EMPTY_BODY = YES;
				CLANG_WARN_ENUM_CONVERSION = YES;
				CLANG_WARN_INFINITE_RECURSION = YES;
				CLANG_WARN_INT_CONVERSION = YES;
				CLANG_WARN_NON_LITERAL_NULL_CONVERSION = YES;
				CLANG_WARN_OBJC_IMPLICIT_RETAIN_SELF = YES;
				CLANG_WARN_OBJC_LITERAL_CONVERSION = YES;
				CLANG_WARN_OBJC_ROOT_CLASS = YES_ERROR;
				CLANG_WARN_QUOTED_INCLUDE_IN_FRAMEWORK_HEADER = YES;
				CLANG_WARN_RANGE_LOOP_ANALYSIS = YES;
				CLANG_WARN_STRICT_PROTOTYPES = YES;
				CLANG_WARN_SUSPICIOUS_MOVE = YES;
				CLANG_WARN_UNGUARDED_AVAILABILITY = YES_AGGRESSIVE;
				CLANG_WARN_UNREACHABLE_CODE = YES;
				CLANG_WARN__DUPLICATE_METHOD_MATCH = YES;
				COPY_PHASE_STRIP = NO;
				DEBUG_INFORMATION_FORMAT = dwarf;
				ENABLE_STRICT_OBJC_MSGSEND = YES;
				ENABLE_TESTABILITY = YES;
				ENABLE_USER_SCRIPT_SANDBOXING = YES;
				GCC_C_LANGUAGE_STANDARD = gnu17;
				GCC_DYNAMIC_NO_PIC = NO;
				GCC_NO_COMMON_BLOCKS = YES;
				GCC_OPTIMIZATION_LEVEL = 0;
				GCC_PREPROCESSOR_DEFINITIONS = (
					"DEBUG=1",
					"$(inherited)",
				);
				GCC_WARN_64_TO_32_BIT_CONVERSION = YES;
				GCC_WARN_ABOUT_RETURN_TYPE = YES_ERROR;
				GCC_WARN_UNDECLARED_SELECTOR = YES;
				GCC_WARN_UNINITIALIZED_AUTOS = YES_AGGRESSIVE;
				GCC_WARN_UNUSED_FUNCTION = YES;
				GCC_WARN_UNUSED_VARIABLE = YES;
				IPHONEOS_DEPLOYMENT_TARGET = 17.2;
				LOCALIZATION_PREFERS_STRING_CATALOGS = YES;
				MTL_ENABLE_DEBUG_INFO = INCLUDE_SOURCE;
				MTL_FAST_MATH = YES;
				ONLY_ACTIVE_ARCH = YES;
				SDKROOT = iphoneos;
				SWIFT_ACTIVE_COMPILATION_CONDITIONS = "DEBUG $(inherited)";
				SWIFT_OPTIMIZATION_LEVEL = "-Onone";
			};
			name = Debug;
		};
		64F82CB22B47BC5900E55FAF /* Release */ = {
			isa = XCBuildConfiguration;
			buildSettings = {
				ALWAYS_SEARCH_USER_PATHS = NO;
				ASSETCATALOG_COMPILER_GENERATE_SWIFT_ASSET_SYMBOL_EXTENSIONS = YES;
				CLANG_ANALYZER_NONNULL = YES;
				CLANG_ANALYZER_NUMBER_OBJECT_CONVERSION = YES_AGGRESSIVE;
				CLANG_CXX_LANGUAGE_STANDARD = "gnu++20";
				CLANG_ENABLE_MODULES = YES;
				CLANG_ENABLE_OBJC_ARC = YES;
				CLANG_ENABLE_OBJC_WEAK = YES;
				CLANG_WARN_BLOCK_CAPTURE_AUTORELEASING = YES;
				CLANG_WARN_BOOL_CONVERSION = YES;
				CLANG_WARN_COMMA = YES;
				CLANG_WARN_CONSTANT_CONVERSION = YES;
				CLANG_WARN_DEPRECATED_OBJC_IMPLEMENTATIONS = YES;
				CLANG_WARN_DIRECT_OBJC_ISA_USAGE = YES_ERROR;
				CLANG_WARN_DOCUMENTATION_COMMENTS = YES;
				CLANG_WARN_EMPTY_BODY = YES;
				CLANG_WARN_ENUM_CONVERSION = YES;
				CLANG_WARN_INFINITE_RECURSION = YES;
				CLANG_WARN_INT_CONVERSION = YES;
				CLANG_WARN_NON_LITERAL_NULL_CONVERSION = YES;
				CLANG_WARN_OBJC_IMPLICIT_RETAIN_SELF = YES;
				CLANG_WARN_OBJC_LITERAL_CONVERSION = YES;
				CLANG_WARN_OBJC_ROOT_CLASS = YES_ERROR;
				CLANG_WARN_QUOTED_INCLUDE_IN_FRAMEWORK_HEADER = YES;
				CLANG_WARN_RANGE_LOOP_ANALYSIS = YES;
				CLANG_WARN_STRICT_PROTOTYPES = YES;
				CLANG_WARN_SUSPICIOUS_MOVE = YES;
				CLANG_WARN_UNGUARDED_AVAILABILITY = YES_AGGRESSIVE;
				CLANG_WARN_UNREACHABLE_CODE = YES;
				CLANG_WARN__DUPLICATE_METHOD_MATCH = YES;
				COPY_PHASE_STRIP = NO;
				DEBUG_INFORMATION_FORMAT = "dwarf-with-dsym";
				ENABLE_NS_ASSERTIONS = NO;
				ENABLE_STRICT_OBJC_MSGSEND = YES;
				ENABLE_USER_SCRIPT_SANDBOXING = YES;
				GCC_C_LANGUAGE_STANDARD = gnu17;
				GCC_NO_COMMON_BLOCKS = YES;
				GCC_WARN_64_TO_32_BIT_CONVERSION = YES;
				GCC_WARN_ABOUT_RETURN_TYPE = YES_ERROR;
				GCC_WARN_UNDECLARED_SELECTOR = YES;
				GCC_WARN_UNINITIALIZED_AUTOS = YES_AGGRESSIVE;
				GCC_WARN_UNUSED_FUNCTION = YES;
				GCC_WARN_UNUSED_VARIABLE = YES;
				IPHONEOS_DEPLOYMENT_TARGET = 17.2;
				LOCALIZATION_PREFERS_STRING_CATALOGS = YES;
				MTL_ENABLE_DEBUG_INFO = NO;
				MTL_FAST_MATH = YES;
				SDKROOT = iphoneos;
				SWIFT_COMPILATION_MODE = wholemodule;
				VALIDATE_PRODUCT = YES;
			};
			name = Release;
		};
		64F82CB42B47BC5900E55FAF /* Debug */ = {
			isa = XCBuildConfiguration;
			buildSettings = {
				ASSETCATALOG_COMPILER_APPICON_NAME = AppIcon;
				ASSETCATALOG_COMPILER_GLOBAL_ACCENT_COLOR_NAME = AccentColor;
				CODE_SIGN_STYLE = Automatic;
				CURRENT_PROJECT_VERSION = 1;
				DEVELOPMENT_ASSET_PATHS = "\"connect/Preview Content\"";
				DEVELOPMENT_TEAM = Y7MSY46LM7;
				ENABLE_PREVIEWS = YES;
				GENERATE_INFOPLIST_FILE = YES;
				INFOPLIST_FILE = connect/Info.plist;
				INFOPLIST_KEY_UIApplicationSceneManifest_Generation = YES;
				INFOPLIST_KEY_UIApplicationSupportsIndirectInputEvents = YES;
				INFOPLIST_KEY_UILaunchScreen_Generation = YES;
				INFOPLIST_KEY_UISupportedInterfaceOrientations_iPad = "UIInterfaceOrientationPortrait UIInterfaceOrientationPortraitUpsideDown UIInterfaceOrientationLandscapeLeft UIInterfaceOrientationLandscapeRight";
				INFOPLIST_KEY_UISupportedInterfaceOrientations_iPhone = "UIInterfaceOrientationPortrait UIInterfaceOrientationLandscapeLeft UIInterfaceOrientationLandscapeRight";
				LD_RUNPATH_SEARCH_PATHS = (
					"$(inherited)",
					"@executable_path/Frameworks",
				);
				MARKETING_VERSION = 1.0;
				PRODUCT_BUNDLE_IDENTIFIER = "connect-game.connect";
				PRODUCT_NAME = "$(TARGET_NAME)";
				SWIFT_EMIT_LOC_STRINGS = YES;
				SWIFT_VERSION = 5.0;
				TARGETED_DEVICE_FAMILY = "1,2";
			};
			name = Debug;
		};
		64F82CB52B47BC5900E55FAF /* Release */ = {
			isa = XCBuildConfiguration;
			buildSettings = {
				ASSETCATALOG_COMPILER_APPICON_NAME = AppIcon;
				ASSETCATALOG_COMPILER_GLOBAL_ACCENT_COLOR_NAME = AccentColor;
				CODE_SIGN_STYLE = Automatic;
				CURRENT_PROJECT_VERSION = 1;
				DEVELOPMENT_ASSET_PATHS = "\"connect/Preview Content\"";
				DEVELOPMENT_TEAM = Y7MSY46LM7;
				ENABLE_PREVIEWS = YES;
				GENERATE_INFOPLIST_FILE = YES;
				INFOPLIST_FILE = connect/Info.plist;
				INFOPLIST_KEY_UIApplicationSceneManifest_Generation = YES;
				INFOPLIST_KEY_UIApplicationSupportsIndirectInputEvents = YES;
				INFOPLIST_KEY_UILaunchScreen_Generation = YES;
				INFOPLIST_KEY_UISupportedInterfaceOrientations_iPad = "UIInterfaceOrientationPortrait UIInterfaceOrientationPortraitUpsideDown UIInterfaceOrientationLandscapeLeft UIInterfaceOrientationLandscapeRight";
				INFOPLIST_KEY_UISupportedInterfaceOrientations_iPhone = "UIInterfaceOrientationPortrait UIInterfaceOrientationLandscapeLeft UIInterfaceOrientationLandscapeRight";
				LD_RUNPATH_SEARCH_PATHS = (
					"$(inherited)",
					"@executable_path/Frameworks",
				);
				MARKETING_VERSION = 1.0;
				PRODUCT_BUNDLE_IDENTIFIER = "connect-game.connect";
				PRODUCT_NAME = "$(TARGET_NAME)";
				SWIFT_EMIT_LOC_STRINGS = YES;
				SWIFT_VERSION = 5.0;
				TARGETED_DEVICE_FAMILY = "1,2";
			};
			name = Release;
		};
		64F82CB72B47BC5900E55FAF /* Debug */ = {
			isa = XCBuildConfiguration;
			buildSettings = {
				ALWAYS_EMBED_SWIFT_STANDARD_LIBRARIES = YES;
				BUNDLE_LOADER = "$(TEST_HOST)";
				CODE_SIGN_STYLE = Automatic;
				CURRENT_PROJECT_VERSION = 1;
				GENERATE_INFOPLIST_FILE = YES;
				IPHONEOS_DEPLOYMENT_TARGET = 17.2;
				MARKETING_VERSION = 1.0;
				PRODUCT_BUNDLE_IDENTIFIER = "connect-game.connectTests";
				PRODUCT_NAME = "$(TARGET_NAME)";
				SWIFT_EMIT_LOC_STRINGS = NO;
				SWIFT_VERSION = 5.0;
				TARGETED_DEVICE_FAMILY = "1,2";
				TEST_HOST = "$(BUILT_PRODUCTS_DIR)/connect.app/$(BUNDLE_EXECUTABLE_FOLDER_PATH)/connect";
			};
			name = Debug;
		};
		64F82CB82B47BC5900E55FAF /* Release */ = {
			isa = XCBuildConfiguration;
			buildSettings = {
				ALWAYS_EMBED_SWIFT_STANDARD_LIBRARIES = YES;
				BUNDLE_LOADER = "$(TEST_HOST)";
				CODE_SIGN_STYLE = Automatic;
				CURRENT_PROJECT_VERSION = 1;
				GENERATE_INFOPLIST_FILE = YES;
				IPHONEOS_DEPLOYMENT_TARGET = 17.2;
				MARKETING_VERSION = 1.0;
				PRODUCT_BUNDLE_IDENTIFIER = "connect-game.connectTests";
				PRODUCT_NAME = "$(TARGET_NAME)";
				SWIFT_EMIT_LOC_STRINGS = NO;
				SWIFT_VERSION = 5.0;
				TARGETED_DEVICE_FAMILY = "1,2";
				TEST_HOST = "$(BUILT_PRODUCTS_DIR)/connect.app/$(BUNDLE_EXECUTABLE_FOLDER_PATH)/connect";
			};
			name = Release;
		};
		64F82CBA2B47BC5900E55FAF /* Debug */ = {
			isa = XCBuildConfiguration;
			buildSettings = {
				ALWAYS_EMBED_SWIFT_STANDARD_LIBRARIES = YES;
				CODE_SIGN_STYLE = Automatic;
				CURRENT_PROJECT_VERSION = 1;
				GENERATE_INFOPLIST_FILE = YES;
				MARKETING_VERSION = 1.0;
				PRODUCT_BUNDLE_IDENTIFIER = "connect-game.connectUITests";
				PRODUCT_NAME = "$(TARGET_NAME)";
				SWIFT_EMIT_LOC_STRINGS = NO;
				SWIFT_VERSION = 5.0;
				TARGETED_DEVICE_FAMILY = "1,2";
				TEST_TARGET_NAME = connect;
			};
			name = Debug;
		};
		64F82CBB2B47BC5900E55FAF /* Release */ = {
			isa = XCBuildConfiguration;
			buildSettings = {
				ALWAYS_EMBED_SWIFT_STANDARD_LIBRARIES = YES;
				CODE_SIGN_STYLE = Automatic;
				CURRENT_PROJECT_VERSION = 1;
				GENERATE_INFOPLIST_FILE = YES;
				MARKETING_VERSION = 1.0;
				PRODUCT_BUNDLE_IDENTIFIER = "connect-game.connectUITests";
				PRODUCT_NAME = "$(TARGET_NAME)";
				SWIFT_EMIT_LOC_STRINGS = NO;
				SWIFT_VERSION = 5.0;
				TARGETED_DEVICE_FAMILY = "1,2";
				TEST_TARGET_NAME = connect;
			};
			name = Release;
		};
/* End XCBuildConfiguration section */

/* Begin XCConfigurationList section */
		64F82C8A2B47BC5800E55FAF /* Build configuration list for PBXProject "connect" */ = {
			isa = XCConfigurationList;
			buildConfigurations = (
				64F82CB12B47BC5900E55FAF /* Debug */,
				64F82CB22B47BC5900E55FAF /* Release */,
			);
			defaultConfigurationIsVisible = 0;
			defaultConfigurationName = Release;
		};
		64F82CB32B47BC5900E55FAF /* Build configuration list for PBXNativeTarget "connect" */ = {
			isa = XCConfigurationList;
			buildConfigurations = (
				64F82CB42B47BC5900E55FAF /* Debug */,
				64F82CB52B47BC5900E55FAF /* Release */,
			);
			defaultConfigurationIsVisible = 0;
			defaultConfigurationName = Release;
		};
		64F82CB62B47BC5900E55FAF /* Build configuration list for PBXNativeTarget "connectTests" */ = {
			isa = XCConfigurationList;
			buildConfigurations = (
				64F82CB72B47BC5900E55FAF /* Debug */,
				64F82CB82B47BC5900E55FAF /* Release */,
			);
			defaultConfigurationIsVisible = 0;
			defaultConfigurationName = Release;
		};
		64F82CB92B47BC5900E55FAF /* Build configuration list for PBXNativeTarget "connectUITests" */ = {
			isa = XCConfigurationList;
			buildConfigurations = (
				64F82CBA2B47BC5900E55FAF /* Debug */,
				64F82CBB2B47BC5900E55FAF /* Release */,
			);
			defaultConfigurationIsVisible = 0;
			defaultConfigurationName = Release;
		};
/* End XCConfigurationList section */

/* Begin XCRemoteSwiftPackageReference section */
		64B589602B4E9B3E008C17AD /* XCRemoteSwiftPackageReference "Alamofire" */ = {
			isa = XCRemoteSwiftPackageReference;
			repositoryURL = "https://github.com/Alamofire/Alamofire.git";
			requirement = {
				kind = upToNextMajorVersion;
				minimumVersion = 5.8.1;
			};
		};
		64C8F1042B56FFA0006FE647 /* XCRemoteSwiftPackageReference "lottie-ios" */ = {
			isa = XCRemoteSwiftPackageReference;
			repositoryURL = "https://github.com/airbnb/lottie-ios.git";
			requirement = {
				kind = upToNextMajorVersion;
				minimumVersion = 4.3.4;
			};
		};
/* End XCRemoteSwiftPackageReference section */

/* Begin XCSwiftPackageProductDependency section */
		64B589612B4E9B3E008C17AD /* Alamofire */ = {
			isa = XCSwiftPackageProductDependency;
			package = 64B589602B4E9B3E008C17AD /* XCRemoteSwiftPackageReference "Alamofire" */;
			productName = Alamofire;
		};
		64C8F1052B56FFA0006FE647 /* Lottie */ = {
			isa = XCSwiftPackageProductDependency;
			package = 64C8F1042B56FFA0006FE647 /* XCRemoteSwiftPackageReference "lottie-ios" */;
			productName = Lottie;
		};
/* End XCSwiftPackageProductDependency section */
	};
	rootObject = 64F82C872B47BC5800E55FAF /* Project object */;
}
